
Microsoft Visual Studio Solution File, Format Version 12.00
# Visual Studio Version 16
VisualStudioVersion = 16.0.30503.244
MinimumVisualStudioVersion = 10.0.40219.1
Project("{F2A71F9B-5D33-465A-A702-920D77279786}") = "FSharp.xUnit", "FSharp.xUnit\FSharp.xUnit.fsproj", "{7E6C6ED1-E6EC-48B5-8214-315AD5474920}"
EndProject
Project("{F2A71F9B-5D33-465A-A702-920D77279786}") = "FSharp.xUnit.Test", "FSharp.xUnit.Test\FSharp.xUnit.Test.fsproj", "{A5119AFE-BF87-44DB-949F-ECC5F4C5BAA2}"
EndProject
Global
	GlobalSection(SolutionConfigurationPlatforms) = preSolution
		Debug|Any CPU = Debug|Any CPU
		Release|Any CPU = Release|Any CPU
	EndGlobalSection
	GlobalSection(ProjectConfigurationPlatforms) = postSolution
		{7E6C6ED1-E6EC-48B5-8214-315AD5474920}.Debug|Any CPU.ActiveCfg = Debug|Any CPU
		{7E6C6ED1-E6EC-48B5-8214-315AD5474920}.Debug|Any CPU.Build.0 = Debug|Any CPU
		{7E6C6ED1-E6EC-48B5-8214-315AD5474920}.Release|Any CPU.ActiveCfg = Release|Any CPU
		{7E6C6ED1-E6EC-48B5-8214-315AD5474920}.Release|Any CPU.Build.0 = Release|Any CPU
		{A5119AFE-BF87-44DB-949F-ECC5F4C5BAA2}.Debug|Any CPU.ActiveCfg = Debug|Any CPU
		{A5119AFE-BF87-44DB-949F-ECC5F4C5BAA2}.Debug|Any CPU.Build.0 = Debug|Any CPU
		{A5119AFE-BF87-44DB-949F-ECC5F4C5BAA2}.Release|Any CPU.ActiveCfg = Release|Any CPU
		{A5119AFE-BF87-44DB-949F-ECC5F4C5BAA2}.Release|Any CPU.Build.0 = Release|Any CPU
	EndGlobalSection
	GlobalSection(SolutionProperties) = preSolution
		HideSolutionNode = FALSE
	EndGlobalSection
	GlobalSection(ExtensibilityGlobals) = postSolution
		SolutionGuid = {6EDE91A6-BDF3-4105-AD99-C6B7125473CC}
	EndGlobalSection
EndGlobal
